github.com/google/uuid v1.6.0 h1:NIvaJDMOsjHA8n1jAhLSgzrAzy1Hgr+hNrb57e+94F0=
github.com/google/uuid v1.6.0/go.mod h1:TIyPZe4MgqvfeYDBFedMoGGpEw/LqOeaOT+nhxU+yHo=
github.com/slyrz/warc v0.0.0-20150806225202-a50edd19b690 h1:2RLSydlHktw3Fo4nwOQwjexn1d49KJb/i+EmlT4D878=
github.com/slyrz/warc v0.0.0-20150806225202-a50edd19b690/go.mod h1:LuhAhBK7l5/QEJmiz3tVGLi8n0IwqAwLX/ndr+6XSDE=
